
Microsoft Visual Studio Solution File, Format Version 12.00
# Visual Studio 15
VisualStudioVersion = 15.0.28307.168
MinimumVisualStudioVersion = 10.0.40219.1
Project("{9A19103F-16F7-4668-BE54-9A1E7A4F7556}") = "BackendSample", "BackendSample\BackendSample.csproj", "{E217971F-2591-4DFB-ABF1-3748E3A76CC6}"
	ProjectSection(ProjectDependencies) = postProject
		{24CF19E1-8DC2-4FF9-A4D5-D56DBE0D3AC6} = {24CF19E1-8DC2-4FF9-A4D5-D56DBE0D3AC6}
	EndProjectSection
EndProject
Project("{D954291E-2A0B-460D-934E-DC6B0785DB48}") = "Helper", "Helper\Helper.shproj", "{C6130230-A430-4DFC-A8D6-30A010B9E280}"
EndProject
Project("{9A19103F-16F7-4668-BE54-9A1E7A4F7556}") = "IdentityServer", "IdentityServer\IdentityServer.csproj", "{24CF19E1-8DC2-4FF9-A4D5-D56DBE0D3AC6}"
EndProject
Project("{9A19103F-16F7-4668-BE54-9A1E7A4F7556}") = "SharedClasses", "SharedClasses\SharedClasses.csproj", "{772EDF59-FB4D-47E7-97B8-70F712C0AA90}"
EndProject
Project("{9A19103F-16F7-4668-BE54-9A1E7A4F7556}") = "FrontendSample", "FrontendSample\FrontendSample.csproj", "{1968A928-BAC9-4658-BD68-4E40BF2BD2AC}"
EndProject
Project("{9A19103F-16F7-4668-BE54-9A1E7A4F7556}") = "RabbitConsumer", "RabbitConsumer\RabbitConsumer.csproj", "{5831DF22-5795-4908-95EB-A9A4C7753375}"
EndProject
Global
	GlobalSection(SharedMSBuildProjectFiles) = preSolution
		Helper\Helper.projitems*{c6130230-a430-4dfc-a8d6-30a010b9e280}*SharedItemsImports = 13
	EndGlobalSection
	GlobalSection(SolutionConfigurationPlatforms) = preSolution
		Debug|Any CPU = Debug|Any CPU
		Release|Any CPU = Release|Any CPU
	EndGlobalSection
	GlobalSection(ProjectConfigurationPlatforms) = postSolution
		{E217971F-2591-4DFB-ABF1-3748E3A76CC6}.Debug|Any CPU.ActiveCfg = Debug|Any CPU
		{E217971F-2591-4DFB-ABF1-3748E3A76CC6}.Debug|Any CPU.Build.0 = Debug|Any CPU
		{E217971F-2591-4DFB-ABF1-3748E3A76CC6}.Release|Any CPU.ActiveCfg = Release|Any CPU
		{E217971F-2591-4DFB-ABF1-3748E3A76CC6}.Release|Any CPU.Build.0 = Release|Any CPU
		{24CF19E1-8DC2-4FF9-A4D5-D56DBE0D3AC6}.Debug|Any CPU.ActiveCfg = Debug|Any CPU
		{24CF19E1-8DC2-4FF9-A4D5-D56DBE0D3AC6}.Debug|Any CPU.Build.0 = Debug|Any CPU
		{24CF19E1-8DC2-4FF9-A4D5-D56DBE0D3AC6}.Release|Any CPU.ActiveCfg = Release|Any CPU
		{24CF19E1-8DC2-4FF9-A4D5-D56DBE0D3AC6}.Release|Any CPU.Build.0 = Release|Any CPU
		{772EDF59-FB4D-47E7-97B8-70F712C0AA90}.Debug|Any CPU.ActiveCfg = Debug|Any CPU
		{772EDF59-FB4D-47E7-97B8-70F712C0AA90}.Debug|Any CPU.Build.0 = Debug|Any CPU
		{772EDF59-FB4D-47E7-97B8-70F712C0AA90}.Release|Any CPU.ActiveCfg = Release|Any CPU
		{772EDF59-FB4D-47E7-97B8-70F712C0AA90}.Release|Any CPU.Build.0 = Release|Any CPU
		{1968A928-BAC9-4658-BD68-4E40BF2BD2AC}.Debug|Any CPU.ActiveCfg = Debug|Any CPU
		{1968A928-BAC9-4658-BD68-4E40BF2BD2AC}.Debug|Any CPU.Build.0 = Debug|Any CPU
		{1968A928-BAC9-4658-BD68-4E40BF2BD2AC}.Release|Any CPU.ActiveCfg = Release|Any CPU
		{1968A928-BAC9-4658-BD68-4E40BF2BD2AC}.Release|Any CPU.Build.0 = Release|Any CPU
		{5831DF22-5795-4908-95EB-A9A4C7753375}.Debug|Any CPU.ActiveCfg = Debug|Any CPU
		{5831DF22-5795-4908-95EB-A9A4C7753375}.Debug|Any CPU.Build.0 = Debug|Any CPU
		{5831DF22-5795-4908-95EB-A9A4C7753375}.Release|Any CPU.ActiveCfg = Release|Any CPU
		{5831DF22-5795-4908-95EB-A9A4C7753375}.Release|Any CPU.Build.0 = Release|Any CPU
	EndGlobalSection
	GlobalSection(SolutionProperties) = preSolution
		HideSolutionNode = FALSE
	EndGlobalSection
	GlobalSection(ExtensibilityGlobals) = postSolution
		SolutionGuid = {2DF393DE-3FE6-4E2F-A246-3E674DE4E161}
	EndGlobalSection
EndGlobal
